
Microsoft Visual Studio Solution File, Format Version 12.00
Project("{FAE04EC0-301F-11D3-BF4B-00C04F79EFBC}") = "ColinChang.OssHelper", "ColinChang.OssHelper\ColinChang.OssHelper.csproj", "{5BB1037A-58DA-4DDE-A933-7D1F3B368061}"
EndProject
Project("{FAE04EC0-301F-11D3-BF4B-00C04F79EFBC}") = "ColinChang.OssHelper.WebSample", "ColinChang.OssHelper.WebSample\ColinChang.OssHelper.WebSample.csproj", "{18988F35-52FB-4A11-BF73-736B0282CA7C}"
EndProject
Global
	GlobalSection(SolutionConfigurationPlatforms) = preSolution
		Debug|Any CPU = Debug|Any CPU
		Release|Any CPU = Release|Any CPU
	EndGlobalSection
	GlobalSection(ProjectConfigurationPlatforms) = postSolution
		{5BB1037A-58DA-4DDE-A933-7D1F3B368061}.Debug|Any CPU.ActiveCfg = Debug|Any CPU
		{5BB1037A-58DA-4DDE-A933-7D1F3B368061}.Debug|Any CPU.Build.0 = Debug|Any CPU
		{5BB1037A-58DA-4DDE-A933-7D1F3B368061}.Release|Any CPU.ActiveCfg = Release|Any CPU
		{5BB1037A-58DA-4DDE-A933-7D1F3B368061}.Release|Any CPU.Build.0 = Release|Any CPU
		{18988F35-52FB-4A11-BF73-736B0282CA7C}.Debug|Any CPU.ActiveCfg = Debug|Any CPU
		{18988F35-52FB-4A11-BF73-736B0282CA7C}.Debug|Any CPU.Build.0 = Debug|Any CPU
		{18988F35-52FB-4A11-BF73-736B0282CA7C}.Release|Any CPU.ActiveCfg = Release|Any CPU
		{18988F35-52FB-4A11-BF73-736B0282CA7C}.Release|Any CPU.Build.0 = Release|Any CPU
	EndGlobalSection
EndGlobal
